// !$*UTF8*$!
{
	archiveVersion = 1;
	classes = {
	};
	objectVersion = 52;
	objects = {

/* Begin PBXBuildFile section */
		FC1C2CF62438D80C00D100AA /* String+ToURL.swift in Sources */ = {isa = PBXBuildFile; fileRef = FC1C2CF52438D80C00D100AA /* String+ToURL.swift */; };
		FC1C2CFD2439FA3300D100AA /* RxRelay in Frameworks */ = {isa = PBXBuildFile; productRef = FC1C2CFC2439FA3300D100AA /* RxRelay */; };
		FC1C2CFF2439FA3300D100AA /* RxSwift in Frameworks */ = {isa = PBXBuildFile; productRef = FC1C2CFE2439FA3300D100AA /* RxSwift */; };
		FC1C2D012439FA3300D100AA /* RxCocoa in Frameworks */ = {isa = PBXBuildFile; productRef = FC1C2D002439FA3300D100AA /* RxCocoa */; };
		FC1C2D072439FC9F00D100AA /* RxApolloClient in Frameworks */ = {isa = PBXBuildFile; productRef = FC1C2D062439FC9F00D100AA /* RxApolloClient */; };
		FC1C2D09243A0B4A00D100AA /* GraphQLRequest.swift in Sources */ = {isa = PBXBuildFile; fileRef = FC1C2D08243A0B4A00D100AA /* GraphQLRequest.swift */; };
		FC1C2D0B243A0FD400D100AA /* GraphQLClient.swift in Sources */ = {isa = PBXBuildFile; fileRef = FC1C2D0A243A0FD400D100AA /* GraphQLClient.swift */; };
		FC1C2D0E243A2FD300D100AA /* RxViewController in Frameworks */ = {isa = PBXBuildFile; productRef = FC1C2D0D243A2FD300D100AA /* RxViewController */; };
		FC2F29E0243A3DA4002978BF /* Unio in Frameworks */ = {isa = PBXBuildFile; productRef = FC2F29DF243A3DA4002978BF /* Unio */; };
		FC42B714243B2145004D21C7 /* GitHubSearchViewController.swift in Sources */ = {isa = PBXBuildFile; fileRef = FC42B713243B2145004D21C7 /* GitHubSearchViewController.swift */; };
		FC42B716243B214C004D21C7 /* GitHubSearchViewController.storyboard in Resources */ = {isa = PBXBuildFile; fileRef = FC42B715243B214C004D21C7 /* GitHubSearchViewController.storyboard */; };
		FC42B71A243B2216004D21C7 /* GitHubRepositoryCell.swift in Sources */ = {isa = PBXBuildFile; fileRef = FC42B718243B2216004D21C7 /* GitHubRepositoryCell.swift */; };
		FC42B71B243B2216004D21C7 /* GitHubRepositoryCell.xib in Resources */ = {isa = PBXBuildFile; fileRef = FC42B719243B2216004D21C7 /* GitHubRepositoryCell.xib */; };
		FC42B71E243B24E3004D21C7 /* NibRegistrable.swift in Sources */ = {isa = PBXBuildFile; fileRef = FC42B71D243B24E3004D21C7 /* NibRegistrable.swift */; };
		FC42B720243B2502004D21C7 /* UITableViewCell+Identifier.swift in Sources */ = {isa = PBXBuildFile; fileRef = FC42B71F243B2502004D21C7 /* UITableViewCell+Identifier.swift */; };
		FC42B722243B2523004D21C7 /* UITableView+CellCastable.swift in Sources */ = {isa = PBXBuildFile; fileRef = FC42B721243B2523004D21C7 /* UITableView+CellCastable.swift */; };
		FC42B724243B254B004D21C7 /* UIViewController+Instantiate.swift in Sources */ = {isa = PBXBuildFile; fileRef = FC42B723243B254B004D21C7 /* UIViewController+Instantiate.swift */; };
		FC42B728243B276F004D21C7 /* GitHubSearchViewModel.swift in Sources */ = {isa = PBXBuildFile; fileRef = FC42B727243B276F004D21C7 /* GitHubSearchViewModel.swift */; };
		FC42B72B243B330C004D21C7 /* Action in Frameworks */ = {isa = PBXBuildFile; productRef = FC42B72A243B330C004D21C7 /* Action */; };
		FC42B72D243B52AC004D21C7 /* GitHubRequest.swift in Sources */ = {isa = PBXBuildFile; fileRef = FC42B72C243B52AC004D21C7 /* GitHubRequest.swift */; };
		FC6815E62438888000C9096B /* AppDelegate.swift in Sources */ = {isa = PBXBuildFile; fileRef = FC6815E52438888000C9096B /* AppDelegate.swift */; };
		FC6815E82438888000C9096B /* SceneDelegate.swift in Sources */ = {isa = PBXBuildFile; fileRef = FC6815E72438888000C9096B /* SceneDelegate.swift */; };
		FC6815EF2438888100C9096B /* Assets.xcassets in Resources */ = {isa = PBXBuildFile; fileRef = FC6815EE2438888100C9096B /* Assets.xcassets */; };
		FC6815F22438888100C9096B /* LaunchScreen.storyboard in Resources */ = {isa = PBXBuildFile; fileRef = FC6815F02438888100C9096B /* LaunchScreen.storyboard */; };
		FC6815FD2438888100C9096B /* RxInfiniteScrollDemoTests.swift in Sources */ = {isa = PBXBuildFile; fileRef = FC6815FC2438888100C9096B /* RxInfiniteScrollDemoTests.swift */; };
		FC6816082438888100C9096B /* RxInfiniteScrollDemoUITests.swift in Sources */ = {isa = PBXBuildFile; fileRef = FC6816072438888100C9096B /* RxInfiniteScrollDemoUITests.swift */; };
		FCADB35924389DB6006B5967 /* Apollo in Frameworks */ = {isa = PBXBuildFile; productRef = FCADB35824389DB6006B5967 /* Apollo */; };
		FCEEA9B2243B786B00EB07C4 /* UIScrollView+NearBottomEdge.swift in Sources */ = {isa = PBXBuildFile; fileRef = FCEEA9B1243B786B00EB07C4 /* UIScrollView+NearBottomEdge.swift */; };
		FCEEA9B5243B7BAA00EB07C4 /* LoadingCell.swift in Sources */ = {isa = PBXBuildFile; fileRef = FCEEA9B3243B7BAA00EB07C4 /* LoadingCell.swift */; };
		FCEEA9B6243B7BAA00EB07C4 /* LoadingCell.xib in Resources */ = {isa = PBXBuildFile; fileRef = FCEEA9B4243B7BAA00EB07C4 /* LoadingCell.xib */; };
		FCEEA9B9243B8F1100EB07C4 /* RxNuke in Frameworks */ = {isa = PBXBuildFile; productRef = FCEEA9B8243B8F1100EB07C4 /* RxNuke */; };
		FCEEA9BC243C044700EB07C4 /* GitHubGraphQLAPI.swift in Sources */ = {isa = PBXBuildFile; fileRef = FCEEA9BB243C044700EB07C4 /* GitHubGraphQLAPI.swift */; };
/* End PBXBuildFile section */

/* Begin PBXContainerItemProxy section */
		FC6815F92438888100C9096B /* PBXContainerItemProxy */ = {
			isa = PBXContainerItemProxy;
			containerPortal = FC6815DA2438888000C9096B /* Project object */;
			proxyType = 1;
			remoteGlobalIDString = FC6815E12438888000C9096B;
			remoteInfo = RxInfiniteScrollDemo;
		};
		FC6816042438888100C9096B /* PBXContainerItemProxy */ = {
			isa = PBXContainerItemProxy;
			containerPortal = FC6815DA2438888000C9096B /* Project object */;
			proxyType = 1;
			remoteGlobalIDString = FC6815E12438888000C9096B;
			remoteInfo = RxInfiniteScrollDemo;
		};
/* End PBXContainerItemProxy section */

/* Begin PBXFileReference section */
		FC1C2CF52438D80C00D100AA /* String+ToURL.swift */ = {isa = PBXFileReference; lastKnownFileType = sourcecode.swift; path = "String+ToURL.swift"; sourceTree = "<group>"; };
		FC1C2D08243A0B4A00D100AA /* GraphQLRequest.swift */ = {isa = PBXFileReference; lastKnownFileType = sourcecode.swift; path = GraphQLRequest.swift; sourceTree = "<group>"; };
		FC1C2D0A243A0FD400D100AA /* GraphQLClient.swift */ = {isa = PBXFileReference; lastKnownFileType = sourcecode.swift; path = GraphQLClient.swift; sourceTree = "<group>"; };
		FC42B713243B2145004D21C7 /* GitHubSearchViewController.swift */ = {isa = PBXFileReference; lastKnownFileType = sourcecode.swift; path = GitHubSearchViewController.swift; sourceTree = "<group>"; };
		FC42B715243B214C004D21C7 /* GitHubSearchViewController.storyboard */ = {isa = PBXFileReference; lastKnownFileType = file.storyboard; path = GitHubSearchViewController.storyboard; sourceTree = "<group>"; };
		FC42B718243B2216004D21C7 /* GitHubRepositoryCell.swift */ = {isa = PBXFileReference; lastKnownFileType = sourcecode.swift; path = GitHubRepositoryCell.swift; sourceTree = "<group>"; };
		FC42B719243B2216004D21C7 /* GitHubRepositoryCell.xib */ = {isa = PBXFileReference; lastKnownFileType = file.xib; path = GitHubRepositoryCell.xib; sourceTree = "<group>"; };
		FC42B71D243B24E3004D21C7 /* NibRegistrable.swift */ = {isa = PBXFileReference; lastKnownFileType = sourcecode.swift; path = NibRegistrable.swift; sourceTree = "<group>"; };
		FC42B71F243B2502004D21C7 /* UITableViewCell+Identifier.swift */ = {isa = PBXFileReference; lastKnownFileType = sourcecode.swift; path = "UITableViewCell+Identifier.swift"; sourceTree = "<group>"; };
		FC42B721243B2523004D21C7 /* UITableView+CellCastable.swift */ = {isa = PBXFileReference; lastKnownFileType = sourcecode.swift; path = "UITableView+CellCastable.swift"; sourceTree = "<group>"; };
		FC42B723243B254B004D21C7 /* UIViewController+Instantiate.swift */ = {isa = PBXFileReference; lastKnownFileType = sourcecode.swift; path = "UIViewController+Instantiate.swift"; sourceTree = "<group>"; };
		FC42B727243B276F004D21C7 /* GitHubSearchViewModel.swift */ = {isa = PBXFileReference; lastKnownFileType = sourcecode.swift; path = GitHubSearchViewModel.swift; sourceTree = "<group>"; };
		FC42B72C243B52AC004D21C7 /* GitHubRequest.swift */ = {isa = PBXFileReference; lastKnownFileType = sourcecode.swift; path = GitHubRequest.swift; sourceTree = "<group>"; };
		FC6815E22438888000C9096B /* RxInfiniteScrollDemo.app */ = {isa = PBXFileReference; explicitFileType = wrapper.application; includeInIndex = 0; path = RxInfiniteScrollDemo.app; sourceTree = BUILT_PRODUCTS_DIR; };
		FC6815E52438888000C9096B /* AppDelegate.swift */ = {isa = PBXFileReference; lastKnownFileType = sourcecode.swift; path = AppDelegate.swift; sourceTree = "<group>"; };
		FC6815E72438888000C9096B /* SceneDelegate.swift */ = {isa = PBXFileReference; lastKnownFileType = sourcecode.swift; path = SceneDelegate.swift; sourceTree = "<group>"; };
		FC6815EE2438888100C9096B /* Assets.xcassets */ = {isa = PBXFileReference; lastKnownFileType = folder.assetcatalog; path = Assets.xcassets; sourceTree = "<group>"; };
		FC6815F12438888100C9096B /* Base */ = {isa = PBXFileReference; lastKnownFileType = file.storyboard; name = Base; path = Base.lproj/LaunchScreen.storyboard; sourceTree = "<group>"; };
		FC6815F32438888100C9096B /* Info.plist */ = {isa = PBXFileReference; lastKnownFileType = text.plist.xml; path = Info.plist; sourceTree = "<group>"; };
		FC6815F82438888100C9096B /* RxInfiniteScrollDemoTests.xctest */ = {isa = PBXFileReference; explicitFileType = wrapper.cfbundle; includeInIndex = 0; path = RxInfiniteScrollDemoTests.xctest; sourceTree = BUILT_PRODUCTS_DIR; };
		FC6815FC2438888100C9096B /* RxInfiniteScrollDemoTests.swift */ = {isa = PBXFileReference; lastKnownFileType = sourcecode.swift; path = RxInfiniteScrollDemoTests.swift; sourceTree = "<group>"; };
		FC6815FE2438888100C9096B /* Info.plist */ = {isa = PBXFileReference; lastKnownFileType = text.plist.xml; path = Info.plist; sourceTree = "<group>"; };
		FC6816032438888100C9096B /* RxInfiniteScrollDemoUITests.xctest */ = {isa = PBXFileReference; explicitFileType = wrapper.cfbundle; includeInIndex = 0; path = RxInfiniteScrollDemoUITests.xctest; sourceTree = BUILT_PRODUCTS_DIR; };
		FC6816072438888100C9096B /* RxInfiniteScrollDemoUITests.swift */ = {isa = PBXFileReference; lastKnownFileType = sourcecode.swift; path = RxInfiniteScrollDemoUITests.swift; sourceTree = "<group>"; };
		FC6816092438888100C9096B /* Info.plist */ = {isa = PBXFileReference; lastKnownFileType = text.plist.xml; path = Info.plist; sourceTree = "<group>"; };
		FCADB35324389A83006B5967 /* Apollo.framework */ = {isa = PBXFileReference; lastKnownFileType = wrapper.framework; name = Apollo.framework; path = Carthage/Build/iOS/Apollo.framework; sourceTree = "<group>"; };
		FCEEA9B1243B786B00EB07C4 /* UIScrollView+NearBottomEdge.swift */ = {isa = PBXFileReference; lastKnownFileType = sourcecode.swift; path = "UIScrollView+NearBottomEdge.swift"; sourceTree = "<group>"; };
		FCEEA9B3243B7BAA00EB07C4 /* LoadingCell.swift */ = {isa = PBXFileReference; lastKnownFileType = sourcecode.swift; path = LoadingCell.swift; sourceTree = "<group>"; };
		FCEEA9B4243B7BAA00EB07C4 /* LoadingCell.xib */ = {isa = PBXFileReference; lastKnownFileType = file.xib; path = LoadingCell.xib; sourceTree = "<group>"; };
		FCEEA9BB243C044700EB07C4 /* GitHubGraphQLAPI.swift */ = {isa = PBXFileReference; fileEncoding = 4; lastKnownFileType = sourcecode.swift; path = GitHubGraphQLAPI.swift; sourceTree = "<group>"; };
/* End PBXFileReference section */

/* Begin PBXFrameworksBuildPhase section */
		FC6815DF2438888000C9096B /* Frameworks */ = {
			isa = PBXFrameworksBuildPhase;
			buildActionMask = 2147483647;
			files = (
				FC1C2CFF2439FA3300D100AA /* RxSwift in Frameworks */,
				FCEEA9B9243B8F1100EB07C4 /* RxNuke in Frameworks */,
				FC1C2CFD2439FA3300D100AA /* RxRelay in Frameworks */,
				FC2F29E0243A3DA4002978BF /* Unio in Frameworks */,
				FC1C2D012439FA3300D100AA /* RxCocoa in Frameworks */,
				FC42B72B243B330C004D21C7 /* Action in Frameworks */,
				FC1C2D0E243A2FD300D100AA /* RxViewController in Frameworks */,
				FCADB35924389DB6006B5967 /* Apollo in Frameworks */,
				FC1C2D072439FC9F00D100AA /* RxApolloClient in Frameworks */,
			);
			runOnlyForDeploymentPostprocessing = 0;
		};
		FC6815F52438888100C9096B /* Frameworks */ = {
			isa = PBXFrameworksBuildPhase;
			buildActionMask = 2147483647;
			files = (
			);
			runOnlyForDeploymentPostprocessing = 0;
		};
		FC6816002438888100C9096B /* Frameworks */ = {
			isa = PBXFrameworksBuildPhase;
			buildActionMask = 2147483647;
			files = (
			);
			runOnlyForDeploymentPostprocessing = 0;
		};
/* End PBXFrameworksBuildPhase section */

/* Begin PBXGroup section */
		FC1C2CF12438CD4E00D100AA /* Models */ = {
			isa = PBXGroup;
			children = (
				FCEEA9BA243C044700EB07C4 /* Generated */,
				FC42B72C243B52AC004D21C7 /* GitHubRequest.swift */,
			);
			path = Models;
			sourceTree = "<group>";
		};
		FC1C2CF42438D7EC00D100AA /* Extensions */ = {
			isa = PBXGroup;
			children = (
				FC1C2CF52438D80C00D100AA /* String+ToURL.swift */,
				FC42B71C243B24D6004D21C7 /* UIKit */,
			);
			path = Extensions;
			sourceTree = "<group>";
		};
		FC1C2D022439FB0200D100AA /* Utility */ = {
			isa = PBXGroup;
			children = (
				FC1C2D0A243A0FD400D100AA /* GraphQLClient.swift */,
				FC1C2D08243A0B4A00D100AA /* GraphQLRequest.swift */,
			);
			path = Utility;
			sourceTree = "<group>";
		};
		FC42B711243B2051004D21C7 /* Views */ = {
			isa = PBXGroup;
			children = (
				FC42B712243B212C004D21C7 /* GitHubSearch */,
			);
			path = Views;
			sourceTree = "<group>";
		};
		FC42B712243B212C004D21C7 /* GitHubSearch */ = {
			isa = PBXGroup;
			children = (
				FC42B717243B21DB004D21C7 /* Cell */,
				FC42B715243B214C004D21C7 /* GitHubSearchViewController.storyboard */,
				FC42B713243B2145004D21C7 /* GitHubSearchViewController.swift */,
			);
			path = GitHubSearch;
			sourceTree = "<group>";
		};
		FC42B717243B21DB004D21C7 /* Cell */ = {
			isa = PBXGroup;
			children = (
				FC42B718243B2216004D21C7 /* GitHubRepositoryCell.swift */,
				FC42B719243B2216004D21C7 /* GitHubRepositoryCell.xib */,
				FCEEA9B3243B7BAA00EB07C4 /* LoadingCell.swift */,
				FCEEA9B4243B7BAA00EB07C4 /* LoadingCell.xib */,
			);
			path = Cell;
			sourceTree = "<group>";
		};
		FC42B71C243B24D6004D21C7 /* UIKit */ = {
			isa = PBXGroup;
			children = (
				FC42B71D243B24E3004D21C7 /* NibRegistrable.swift */,
				FCEEA9B1243B786B00EB07C4 /* UIScrollView+NearBottomEdge.swift */,
				FC42B721243B2523004D21C7 /* UITableView+CellCastable.swift */,
				FC42B71F243B2502004D21C7 /* UITableViewCell+Identifier.swift */,
				FC42B723243B254B004D21C7 /* UIViewController+Instantiate.swift */,
			);
			path = UIKit;
			sourceTree = "<group>";
		};
		FC42B725243B275E004D21C7 /* ViewModels */ = {
			isa = PBXGroup;
			children = (
				FC42B726243B2766004D21C7 /* GitHubSearch */,
			);
			path = ViewModels;
			sourceTree = "<group>";
		};
		FC42B726243B2766004D21C7 /* GitHubSearch */ = {
			isa = PBXGroup;
			children = (
				FC42B727243B276F004D21C7 /* GitHubSearchViewModel.swift */,
			);
			path = GitHubSearch;
			sourceTree = "<group>";
		};
		FC6815D92438888000C9096B = {
			isa = PBXGroup;
			children = (
				FC6815E42438888000C9096B /* RxInfiniteScrollDemo */,
				FC6815FB2438888100C9096B /* RxInfiniteScrollDemoTests */,
				FC6816062438888100C9096B /* RxInfiniteScrollDemoUITests */,
				FC6815E32438888000C9096B /* Products */,
				FCADB35224389A83006B5967 /* Frameworks */,
			);
			sourceTree = "<group>";
		};
		FC6815E32438888000C9096B /* Products */ = {
			isa = PBXGroup;
			children = (
				FC6815E22438888000C9096B /* RxInfiniteScrollDemo.app */,
				FC6815F82438888100C9096B /* RxInfiniteScrollDemoTests.xctest */,
				FC6816032438888100C9096B /* RxInfiniteScrollDemoUITests.xctest */,
			);
			name = Products;
			sourceTree = "<group>";
		};
		FC6815E42438888000C9096B /* RxInfiniteScrollDemo */ = {
			isa = PBXGroup;
			children = (
				FCADB34F24388D4B006B5967 /* Application */,
				FC1C2CF42438D7EC00D100AA /* Extensions */,
				FC1C2CF12438CD4E00D100AA /* Models */,
				FCEEA9B0243B6C5700EB07C4 /* Resources */,
				FC1C2D022439FB0200D100AA /* Utility */,
				FC42B725243B275E004D21C7 /* ViewModels */,
				FC42B711243B2051004D21C7 /* Views */,
			);
			path = RxInfiniteScrollDemo;
			sourceTree = "<group>";
		};
		FC6815FB2438888100C9096B /* RxInfiniteScrollDemoTests */ = {
			isa = PBXGroup;
			children = (
				FC6815FC2438888100C9096B /* RxInfiniteScrollDemoTests.swift */,
				FC6815FE2438888100C9096B /* Info.plist */,
			);
			path = RxInfiniteScrollDemoTests;
			sourceTree = "<group>";
		};
		FC6816062438888100C9096B /* RxInfiniteScrollDemoUITests */ = {
			isa = PBXGroup;
			children = (
				FC6816072438888100C9096B /* RxInfiniteScrollDemoUITests.swift */,
				FC6816092438888100C9096B /* Info.plist */,
			);
			path = RxInfiniteScrollDemoUITests;
			sourceTree = "<group>";
		};
		FCADB34F24388D4B006B5967 /* Application */ = {
			isa = PBXGroup;
			children = (
				FC6815E52438888000C9096B /* AppDelegate.swift */,
				FC6815F32438888100C9096B /* Info.plist */,
				FC6815F02438888100C9096B /* LaunchScreen.storyboard */,
				FC6815E72438888000C9096B /* SceneDelegate.swift */,
			);
			path = Application;
			sourceTree = "<group>";
		};
		FCADB35224389A83006B5967 /* Frameworks */ = {
			isa = PBXGroup;
			children = (
				FCADB35324389A83006B5967 /* Apollo.framework */,
			);
			name = Frameworks;
			sourceTree = "<group>";
		};
		FCEEA9B0243B6C5700EB07C4 /* Resources */ = {
			isa = PBXGroup;
			children = (
				FC6815EE2438888100C9096B /* Assets.xcassets */,
			);
			path = Resources;
			sourceTree = "<group>";
		};
		FCEEA9BA243C044700EB07C4 /* Generated */ = {
			isa = PBXGroup;
			children = (
				FCEEA9BB243C044700EB07C4 /* GitHubGraphQLAPI.swift */,
			);
			path = Generated;
			sourceTree = "<group>";
		};
/* End PBXGroup section */

/* Begin PBXNativeTarget section */
		FC6815E12438888000C9096B /* RxInfiniteScrollDemo */ = {
			isa = PBXNativeTarget;
			buildConfigurationList = FC68160C2438888100C9096B /* Build configuration list for PBXNativeTarget "RxInfiniteScrollDemo" */;
			buildPhases = (
				FC6815DE2438888000C9096B /* Sources */,
				FC6815DF2438888000C9096B /* Frameworks */,
				FC6815E02438888000C9096B /* Resources */,
			);
			buildRules = (
			);
			dependencies = (
			);
			name = RxInfiniteScrollDemo;
			packageProductDependencies = (
				FCADB35824389DB6006B5967 /* Apollo */,
				FC1C2CFC2439FA3300D100AA /* RxRelay */,
				FC1C2CFE2439FA3300D100AA /* RxSwift */,
				FC1C2D002439FA3300D100AA /* RxCocoa */,
				FC1C2D062439FC9F00D100AA /* RxApolloClient */,
				FC1C2D0D243A2FD300D100AA /* RxViewController */,
				FC2F29DF243A3DA4002978BF /* Unio */,
				FC42B72A243B330C004D21C7 /* Action */,
				FCEEA9B8243B8F1100EB07C4 /* RxNuke */,
			);
			productName = RxInfiniteScrollDemo;
			productReference = FC6815E22438888000C9096B /* RxInfiniteScrollDemo.app */;
			productType = "com.apple.product-type.application";
		};
		FC6815F72438888100C9096B /* RxInfiniteScrollDemoTests */ = {
			isa = PBXNativeTarget;
			buildConfigurationList = FC68160F2438888100C9096B /* Build configuration list for PBXNativeTarget "RxInfiniteScrollDemoTests" */;
			buildPhases = (
				FC6815F42438888100C9096B /* Sources */,
				FC6815F52438888100C9096B /* Frameworks */,
				FC6815F62438888100C9096B /* Resources */,
			);
			buildRules = (
			);
			dependencies = (
				FC6815FA2438888100C9096B /* PBXTargetDependency */,
			);
			name = RxInfiniteScrollDemoTests;
			productName = RxInfiniteScrollDemoTests;
			productReference = FC6815F82438888100C9096B /* RxInfiniteScrollDemoTests.xctest */;
			productType = "com.apple.product-type.bundle.unit-test";
		};
		FC6816022438888100C9096B /* RxInfiniteScrollDemoUITests */ = {
			isa = PBXNativeTarget;
			buildConfigurationList = FC6816122438888100C9096B /* Build configuration list for PBXNativeTarget "RxInfiniteScrollDemoUITests" */;
			buildPhases = (
				FC6815FF2438888100C9096B /* Sources */,
				FC6816002438888100C9096B /* Frameworks */,
				FC6816012438888100C9096B /* Resources */,
			);
			buildRules = (
			);
			dependencies = (
				FC6816052438888100C9096B /* PBXTargetDependency */,
			);
			name = RxInfiniteScrollDemoUITests;
			productName = RxInfiniteScrollDemoUITests;
			productReference = FC6816032438888100C9096B /* RxInfiniteScrollDemoUITests.xctest */;
			productType = "com.apple.product-type.bundle.ui-testing";
		};
/* End PBXNativeTarget section */

/* Begin PBXProject section */
		FC6815DA2438888000C9096B /* Project object */ = {
			isa = PBXProject;
			attributes = {
				LastSwiftUpdateCheck = 1130;
				LastUpgradeCheck = 1130;
				ORGANIZATIONNAME = yuoku;
				TargetAttributes = {
					FC6815E12438888000C9096B = {
						CreatedOnToolsVersion = 11.3.1;
					};
					FC6815F72438888100C9096B = {
						CreatedOnToolsVersion = 11.3.1;
						TestTargetID = FC6815E12438888000C9096B;
					};
					FC6816022438888100C9096B = {
						CreatedOnToolsVersion = 11.3.1;
						TestTargetID = FC6815E12438888000C9096B;
					};
				};
			};
			buildConfigurationList = FC6815DD2438888000C9096B /* Build configuration list for PBXProject "RxInfiniteScrollDemo" */;
			compatibilityVersion = "Xcode 9.3";
			developmentRegion = en;
			hasScannedForEncodings = 0;
			knownRegions = (
				en,
				Base,
			);
			mainGroup = FC6815D92438888000C9096B;
			packageReferences = (
				FCADB35724389DB6006B5967 /* XCRemoteSwiftPackageReference "apollo-ios" */,
				FC1C2CFB2439FA3300D100AA /* XCRemoteSwiftPackageReference "RxSwift" */,
				FC1C2D052439FC9F00D100AA /* XCRemoteSwiftPackageReference "RxApolloClient" */,
				FC1C2D0C243A2FD300D100AA /* XCRemoteSwiftPackageReference "RxViewController" */,
				FC2F29DE243A3DA4002978BF /* XCRemoteSwiftPackageReference "Unio" */,
				FC42B729243B330C004D21C7 /* XCRemoteSwiftPackageReference "Action" */,
				FCEEA9B7243B8F1100EB07C4 /* XCRemoteSwiftPackageReference "RxNuke" */,
			);
			productRefGroup = FC6815E32438888000C9096B /* Products */;
			projectDirPath = "";
			projectRoot = "";
			targets = (
				FC6815E12438888000C9096B /* RxInfiniteScrollDemo */,
				FC6815F72438888100C9096B /* RxInfiniteScrollDemoTests */,
				FC6816022438888100C9096B /* RxInfiniteScrollDemoUITests */,
			);
		};
/* End PBXProject section */

/* Begin PBXResourcesBuildPhase section */
		FC6815E02438888000C9096B /* Resources */ = {
			isa = PBXResourcesBuildPhase;
			buildActionMask = 2147483647;
			files = (
				FC42B716243B214C004D21C7 /* GitHubSearchViewController.storyboard in Resources */,
				FC6815F22438888100C9096B /* LaunchScreen.storyboard in Resources */,
				FC6815EF2438888100C9096B /* Assets.xcassets in Resources */,
				FCEEA9B6243B7BAA00EB07C4 /* LoadingCell.xib in Resources */,
				FC42B71B243B2216004D21C7 /* GitHubRepositoryCell.xib in Resources */,
			);
			runOnlyForDeploymentPostprocessing = 0;
		};
		FC6815F62438888100C9096B /* Resources */ = {
			isa = PBXResourcesBuildPhase;
			buildActionMask = 2147483647;
			files = (
			);
			runOnlyForDeploymentPostprocessing = 0;
		};
		FC6816012438888100C9096B /* Resources */ = {
			isa = PBXResourcesBuildPhase;
			buildActionMask = 2147483647;
			files = (
			);
			runOnlyForDeploymentPostprocessing = 0;
		};
/* End PBXResourcesBuildPhase section */

/* Begin PBXSourcesBuildPhase section */
		FC6815DE2438888000C9096B /* Sources */ = {
			isa = PBXSourcesBuildPhase;
			buildActionMask = 2147483647;
			files = (
				FC42B724243B254B004D21C7 /* UIViewController+Instantiate.swift in Sources */,
				FC42B714243B2145004D21C7 /* GitHubSearchViewController.swift in Sources */,
				FCEEA9B2243B786B00EB07C4 /* UIScrollView+NearBottomEdge.swift in Sources */,
				FC6815E62438888000C9096B /* AppDelegate.swift in Sources */,
				FC42B71E243B24E3004D21C7 /* NibRegistrable.swift in Sources */,
				FC1C2CF62438D80C00D100AA /* String+ToURL.swift in Sources */,
				FC1C2D0B243A0FD400D100AA /* GraphQLClient.swift in Sources */,
				FC42B722243B2523004D21C7 /* UITableView+CellCastable.swift in Sources */,
				FC42B71A243B2216004D21C7 /* GitHubRepositoryCell.swift in Sources */,
				FCEEA9B5243B7BAA00EB07C4 /* LoadingCell.swift in Sources */,
				FC42B72D243B52AC004D21C7 /* GitHubRequest.swift in Sources */,
				FC6815E82438888000C9096B /* SceneDelegate.swift in Sources */,
				FC42B720243B2502004D21C7 /* UITableViewCell+Identifier.swift in Sources */,
				FCEEA9BC243C044700EB07C4 /* GitHubGraphQLAPI.swift in Sources */,
				FC42B728243B276F004D21C7 /* GitHubSearchViewModel.swift in Sources */,
				FC1C2D09243A0B4A00D100AA /* GraphQLRequest.swift in Sources */,
			);
			runOnlyForDeploymentPostprocessing = 0;
		};
		FC6815F42438888100C9096B /* Sources */ = {
			isa = PBXSourcesBuildPhase;
			buildActionMask = 2147483647;
			files = (
				FC6815FD2438888100C9096B /* RxInfiniteScrollDemoTests.swift in Sources */,
			);
			runOnlyForDeploymentPostprocessing = 0;
		};
		FC6815FF2438888100C9096B /* Sources */ = {
			isa = PBXSourcesBuildPhase;
			buildActionMask = 2147483647;
			files = (
				FC6816082438888100C9096B /* RxInfiniteScrollDemoUITests.swift in Sources */,
			);
			runOnlyForDeploymentPostprocessing = 0;
		};
/* End PBXSourcesBuildPhase section */

/* Begin PBXTargetDependency section */
		FC6815FA2438888100C9096B /* PBXTargetDependency */ = {
			isa = PBXTargetDependency;
			target = FC6815E12438888000C9096B /* RxInfiniteScrollDemo */;
			targetProxy = FC6815F92438888100C9096B /* PBXContainerItemProxy */;
		};
		FC6816052438888100C9096B /* PBXTargetDependency */ = {
			isa = PBXTargetDependency;
			target = FC6815E12438888000C9096B /* RxInfiniteScrollDemo */;
			targetProxy = FC6816042438888100C9096B /* PBXContainerItemProxy */;
		};
/* End PBXTargetDependency section */

/* Begin PBXVariantGroup section */
		FC6815F02438888100C9096B /* LaunchScreen.storyboard */ = {
			isa = PBXVariantGroup;
			children = (
				FC6815F12438888100C9096B /* Base */,
			);
			name = LaunchScreen.storyboard;
			sourceTree = "<group>";
		};
/* End PBXVariantGroup section */

/* Begin XCBuildConfiguration section */
		FC68160A2438888100C9096B /* Debug */ = {
			isa = XCBuildConfiguration;
			buildSettings = {
				ALWAYS_SEARCH_USER_PATHS = NO;
				CLANG_ANALYZER_NONNULL = YES;
				CLANG_ANALYZER_NUMBER_OBJECT_CONVERSION = YES_AGGRESSIVE;
				CLANG_CXX_LANGUAGE_STANDARD = "gnu++14";
				CLANG_CXX_LIBRARY = "libc++";
				CLANG_ENABLE_MODULES = YES;
				CLANG_ENABLE_OBJC_ARC = YES;
				CLANG_ENABLE_OBJC_WEAK = YES;
				CLANG_WARN_BLOCK_CAPTURE_AUTORELEASING = YES;
				CLANG_WARN_BOOL_CONVERSION = YES;
				CLANG_WARN_COMMA = YES;
				CLANG_WARN_CONSTANT_CONVERSION = YES;
				CLANG_WARN_DEPRECATED_OBJC_IMPLEMENTATIONS = YES;
				CLANG_WARN_DIRECT_OBJC_ISA_USAGE = YES_ERROR;
				CLANG_WARN_DOCUMENTATION_COMMENTS = YES;
				CLANG_WARN_EMPTY_BODY = YES;
				CLANG_WARN_ENUM_CONVERSION = YES;
				CLANG_WARN_INFINITE_RECURSION = YES;
				CLANG_WARN_INT_CONVERSION = YES;
				CLANG_WARN_NON_LITERAL_NULL_CONVERSION = YES;
				CLANG_WARN_OBJC_IMPLICIT_RETAIN_SELF = YES;
				CLANG_WARN_OBJC_LITERAL_CONVERSION = YES;
				CLANG_WARN_OBJC_ROOT_CLASS = YES_ERROR;
				CLANG_WARN_RANGE_LOOP_ANALYSIS = YES;
				CLANG_WARN_STRICT_PROTOTYPES = YES;
				CLANG_WARN_SUSPICIOUS_MOVE = YES;
				CLANG_WARN_UNGUARDED_AVAILABILITY = YES_AGGRESSIVE;
				CLANG_WARN_UNREACHABLE_CODE = YES;
				CLANG_WARN__DUPLICATE_METHOD_MATCH = YES;
				COPY_PHASE_STRIP = NO;
				DEBUG_INFORMATION_FORMAT = dwarf;
				ENABLE_STRICT_OBJC_MSGSEND = YES;
				ENABLE_TESTABILITY = YES;
				GCC_C_LANGUAGE_STANDARD = gnu11;
				GCC_DYNAMIC_NO_PIC = NO;
				GCC_NO_COMMON_BLOCKS = YES;
				GCC_OPTIMIZATION_LEVEL = 0;
				GCC_PREPROCESSOR_DEFINITIONS = (
					"DEBUG=1",
					"$(inherited)",
				);
				GCC_WARN_64_TO_32_BIT_CONVERSION = YES;
				GCC_WARN_ABOUT_RETURN_TYPE = YES_ERROR;
				GCC_WARN_UNDECLARED_SELECTOR = YES;
				GCC_WARN_UNINITIALIZED_AUTOS = YES_AGGRESSIVE;
				GCC_WARN_UNUSED_FUNCTION = YES;
				GCC_WARN_UNUSED_VARIABLE = YES;
				IPHONEOS_DEPLOYMENT_TARGET = 13.2;
				MTL_ENABLE_DEBUG_INFO = INCLUDE_SOURCE;
				MTL_FAST_MATH = YES;
				ONLY_ACTIVE_ARCH = YES;
				SDKROOT = iphoneos;
				SWIFT_ACTIVE_COMPILATION_CONDITIONS = DEBUG;
				SWIFT_OPTIMIZATION_LEVEL = "-Onone";
			};
			name = Debug;
		};
		FC68160B2438888100C9096B /* Release */ = {
			isa = XCBuildConfiguration;
			buildSettings = {
				ALWAYS_SEARCH_USER_PATHS = NO;
				CLANG_ANALYZER_NONNULL = YES;
				CLANG_ANALYZER_NUMBER_OBJECT_CONVERSION = YES_AGGRESSIVE;
				CLANG_CXX_LANGUAGE_STANDARD = "gnu++14";
				CLANG_CXX_LIBRARY = "libc++";
				CLANG_ENABLE_MODULES = YES;
				CLANG_ENABLE_OBJC_ARC = YES;
				CLANG_ENABLE_OBJC_WEAK = YES;
				CLANG_WARN_BLOCK_CAPTURE_AUTORELEASING = YES;
				CLANG_WARN_BOOL_CONVERSION = YES;
				CLANG_WARN_COMMA = YES;
				CLANG_WARN_CONSTANT_CONVERSION = YES;
				CLANG_WARN_DEPRECATED_OBJC_IMPLEMENTATIONS = YES;
				CLANG_WARN_DIRECT_OBJC_ISA_USAGE = YES_ERROR;
				CLANG_WARN_DOCUMENTATION_COMMENTS = YES;
				CLANG_WARN_EMPTY_BODY = YES;
				CLANG_WARN_ENUM_CONVERSION = YES;
				CLANG_WARN_INFINITE_RECURSION = YES;
				CLANG_WARN_INT_CONVERSION = YES;
				CLANG_WARN_NON_LITERAL_NULL_CONVERSION = YES;
				CLANG_WARN_OBJC_IMPLICIT_RETAIN_SELF = YES;
				CLANG_WARN_OBJC_LITERAL_CONVERSION = YES;
				CLANG_WARN_OBJC_ROOT_CLASS = YES_ERROR;
				CLANG_WARN_RANGE_LOOP_ANALYSIS = YES;
				CLANG_WARN_STRICT_PROTOTYPES = YES;
				CLANG_WARN_SUSPICIOUS_MOVE = YES;
				CLANG_WARN_UNGUARDED_AVAILABILITY = YES_AGGRESSIVE;
				CLANG_WARN_UNREACHABLE_CODE = YES;
				CLANG_WARN__DUPLICATE_METHOD_MATCH = YES;
				COPY_PHASE_STRIP = NO;
				DEBUG_INFORMATION_FORMAT = "dwarf-with-dsym";
				ENABLE_NS_ASSERTIONS = NO;
				ENABLE_STRICT_OBJC_MSGSEND = YES;
				GCC_C_LANGUAGE_STANDARD = gnu11;
				GCC_NO_COMMON_BLOCKS = YES;
				GCC_WARN_64_TO_32_BIT_CONVERSION = YES;
				GCC_WARN_ABOUT_RETURN_TYPE = YES_ERROR;
				GCC_WARN_UNDECLARED_SELECTOR = YES;
				GCC_WARN_UNINITIALIZED_AUTOS = YES_AGGRESSIVE;
				GCC_WARN_UNUSED_FUNCTION = YES;
				GCC_WARN_UNUSED_VARIABLE = YES;
				IPHONEOS_DEPLOYMENT_TARGET = 13.2;
				MTL_ENABLE_DEBUG_INFO = NO;
				MTL_FAST_MATH = YES;
				SDKROOT = iphoneos;
				SWIFT_COMPILATION_MODE = wholemodule;
				SWIFT_OPTIMIZATION_LEVEL = "-O";
				VALIDATE_PRODUCT = YES;
			};
			name = Release;
		};
		FC68160D2438888100C9096B /* Debug */ = {
			isa = XCBuildConfiguration;
			buildSettings = {
				ASSETCATALOG_COMPILER_APPICON_NAME = AppIcon;
				CODE_SIGN_IDENTITY = "iPhone Developer";
				CODE_SIGN_STYLE = Manual;
				DEVELOPMENT_TEAM = B8PR34D6DP;
				FRAMEWORK_SEARCH_PATHS = (
					"$(inherited)",
					"$(PROJECT_DIR)/Carthage/Build/iOS",
				);
				INFOPLIST_FILE = RxInfiniteScrollDemo/Application/Info.plist;
				IPHONEOS_DEPLOYMENT_TARGET = 10.0;
				LD_RUNPATH_SEARCH_PATHS = (
					"$(inherited)",
					"@executable_path/Frameworks",
				);
				PRODUCT_BUNDLE_IDENTIFIER = jp.yuoku.RxInfiniteScrollDemo;
				PRODUCT_NAME = "$(TARGET_NAME)";
				PROVISIONING_PROFILE_SPECIFIER = "RxInfiniteScrollDemo-Dev";
				SWIFT_VERSION = 5.0;
				TARGETED_DEVICE_FAMILY = 1;
			};
			name = Debug;
		};
		FC68160E2438888100C9096B /* Release */ = {
			isa = XCBuildConfiguration;
			buildSettings = {
				ASSETCATALOG_COMPILER_APPICON_NAME = AppIcon;
				CODE_SIGN_IDENTITY = "iPhone Developer";
				CODE_SIGN_STYLE = Manual;
				DEVELOPMENT_TEAM = B8PR34D6DP;
				FRAMEWORK_SEARCH_PATHS = (
					"$(inherited)",
					"$(PROJECT_DIR)/Carthage/Build/iOS",
				);
				INFOPLIST_FILE = RxInfiniteScrollDemo/Application/Info.plist;
				IPHONEOS_DEPLOYMENT_TARGET = 10.0;
				LD_RUNPATH_SEARCH_PATHS = (
					"$(inherited)",
					"@executable_path/Frameworks",
				);
				PRODUCT_BUNDLE_IDENTIFIER = jp.yuoku.RxInfiniteScrollDemo;
				PRODUCT_NAME = "$(TARGET_NAME)";
				PROVISIONING_PROFILE_SPECIFIER = "RxInfiniteScrollDemo-Dev";
				SWIFT_VERSION = 5.0;
				TARGETED_DEVICE_FAMILY = 1;
			};
			name = Release;
		};
		FC6816102438888100C9096B /* Debug */ = {
			isa = XCBuildConfiguration;
			buildSettings = {
				ALWAYS_EMBED_SWIFT_STANDARD_LIBRARIES = YES;
				BUNDLE_LOADER = "$(TEST_HOST)";
				CODE_SIGN_STYLE = Automatic;
				DEVELOPMENT_TEAM = B8PR34D6DP;
				INFOPLIST_FILE = RxInfiniteScrollDemoTests/Info.plist;
				IPHONEOS_DEPLOYMENT_TARGET = 13.2;
				LD_RUNPATH_SEARCH_PATHS = (
					"$(inherited)",
					"@executable_path/Frameworks",
					"@loader_path/Frameworks",
				);
				PRODUCT_BUNDLE_IDENTIFIER = jp.yuoku.RxInfiniteScrollDemoTests;
				PRODUCT_NAME = "$(TARGET_NAME)";
				SWIFT_VERSION = 5.0;
				TARGETED_DEVICE_FAMILY = "1,2";
				TEST_HOST = "$(BUILT_PRODUCTS_DIR)/RxInfiniteScrollDemo.app/RxInfiniteScrollDemo";
			};
			name = Debug;
		};
		FC6816112438888100C9096B /* Release */ = {
			isa = XCBuildConfiguration;
			buildSettings = {
				ALWAYS_EMBED_SWIFT_STANDARD_LIBRARIES = YES;
				BUNDLE_LOADER = "$(TEST_HOST)";
				CODE_SIGN_STYLE = Automatic;
				DEVELOPMENT_TEAM = B8PR34D6DP;
				INFOPLIST_FILE = RxInfiniteScrollDemoTests/Info.plist;
				IPHONEOS_DEPLOYMENT_TARGET = 13.2;
				LD_RUNPATH_SEARCH_PATHS = (
					"$(inherited)",
					"@executable_path/Frameworks",
					"@loader_path/Frameworks",
				);
				PRODUCT_BUNDLE_IDENTIFIER = jp.yuoku.RxInfiniteScrollDemoTests;
				PRODUCT_NAME = "$(TARGET_NAME)";
				SWIFT_VERSION = 5.0;
				TARGETED_DEVICE_FAMILY = "1,2";
				TEST_HOST = "$(BUILT_PRODUCTS_DIR)/RxInfiniteScrollDemo.app/RxInfiniteScrollDemo";
			};
			name = Release;
		};
		FC6816132438888100C9096B /* Debug */ = {
			isa = XCBuildConfiguration;
			buildSettings = {
				ALWAYS_EMBED_SWIFT_STANDARD_LIBRARIES = YES;
				CODE_SIGN_STYLE = Automatic;
				DEVELOPMENT_TEAM = B8PR34D6DP;
				INFOPLIST_FILE = RxInfiniteScrollDemoUITests/Info.plist;
				LD_RUNPATH_SEARCH_PATHS = (
					"$(inherited)",
					"@executable_path/Frameworks",
					"@loader_path/Frameworks",
				);
				PRODUCT_BUNDLE_IDENTIFIER = jp.yuoku.RxInfiniteScrollDemoUITests;
				PRODUCT_NAME = "$(TARGET_NAME)";
				SWIFT_VERSION = 5.0;
				TARGETED_DEVICE_FAMILY = "1,2";
				TEST_TARGET_NAME = RxInfiniteScrollDemo;
			};
			name = Debug;
		};
		FC6816142438888100C9096B /* Release */ = {
			isa = XCBuildConfiguration;
			buildSettings = {
				ALWAYS_EMBED_SWIFT_STANDARD_LIBRARIES = YES;
				CODE_SIGN_STYLE = Automatic;
				DEVELOPMENT_TEAM = B8PR34D6DP;
				INFOPLIST_FILE = RxInfiniteScrollDemoUITests/Info.plist;
				LD_RUNPATH_SEARCH_PATHS = (
					"$(inherited)",
					"@executable_path/Frameworks",
					"@loader_path/Frameworks",
				);
				PRODUCT_BUNDLE_IDENTIFIER = jp.yuoku.RxInfiniteScrollDemoUITests;
				PRODUCT_NAME = "$(TARGET_NAME)";
				SWIFT_VERSION = 5.0;
				TARGETED_DEVICE_FAMILY = "1,2";
				TEST_TARGET_NAME = RxInfiniteScrollDemo;
			};
			name = Release;
		};
/* End XCBuildConfiguration section */

/* Begin XCConfigurationList section */
		FC6815DD2438888000C9096B /* Build configuration list for PBXProject "RxInfiniteScrollDemo" */ = {
			isa = XCConfigurationList;
			buildConfigurations = (
				FC68160A2438888100C9096B /* Debug */,
				FC68160B2438888100C9096B /* Release */,
			);
			defaultConfigurationIsVisible = 0;
			defaultConfigurationName = Release;
		};
		FC68160C2438888100C9096B /* Build configuration list for PBXNativeTarget "RxInfiniteScrollDemo" */ = {
			isa = XCConfigurationList;
			buildConfigurations = (
				FC68160D2438888100C9096B /* Debug */,
				FC68160E2438888100C9096B /* Release */,
			);
			defaultConfigurationIsVisible = 0;
			defaultConfigurationName = Release;
		};
		FC68160F2438888100C9096B /* Build configuration list for PBXNativeTarget "RxInfiniteScrollDemoTests" */ = {
			isa = XCConfigurationList;
			buildConfigurations = (
				FC6816102438888100C9096B /* Debug */,
				FC6816112438888100C9096B /* Release */,
			);
			defaultConfigurationIsVisible = 0;
			defaultConfigurationName = Release;
		};
		FC6816122438888100C9096B /* Build configuration list for PBXNativeTarget "RxInfiniteScrollDemoUITests" */ = {
			isa = XCConfigurationList;
			buildConfigurations = (
				FC6816132438888100C9096B /* Debug */,
				FC6816142438888100C9096B /* Release */,
			);
			defaultConfigurationIsVisible = 0;
			defaultConfigurationName = Release;
		};
/* End XCConfigurationList section */

/* Begin XCRemoteSwiftPackageReference section */
		FC1C2CFB2439FA3300D100AA /* XCRemoteSwiftPackageReference "RxSwift" */ = {
			isa = XCRemoteSwiftPackageReference;
			repositoryURL = "https://github.com/ReactiveX/RxSwift";
			requirement = {
				kind = exactVersion;
				version = 5.1.0;
			};
		};
		FC1C2D052439FC9F00D100AA /* XCRemoteSwiftPackageReference "RxApolloClient" */ = {
			isa = XCRemoteSwiftPackageReference;
			repositoryURL = "https://github.com/OhKanghoon/RxApolloClient";
			requirement = {
				kind = upToNextMajorVersion;
				minimumVersion = 1.3.0;
			};
		};
		FC1C2D0C243A2FD300D100AA /* XCRemoteSwiftPackageReference "RxViewController" */ = {
			isa = XCRemoteSwiftPackageReference;
			repositoryURL = "https://github.com/devxoul/RxViewController";
			requirement = {
				kind = exactVersion;
				version = 1.0.0;
			};
		};
		FC2F29DE243A3DA4002978BF /* XCRemoteSwiftPackageReference "Unio" */ = {
			isa = XCRemoteSwiftPackageReference;
			repositoryURL = "https://github.com/cats-oss/Unio";
			requirement = {
				kind = exactVersion;
				version = 0.8.0;
			};
		};
		FC42B729243B330C004D21C7 /* XCRemoteSwiftPackageReference "Action" */ = {
			isa = XCRemoteSwiftPackageReference;
			repositoryURL = "https://github.com/RxSwiftCommunity/Action";
			requirement = {
				kind = exactVersion;
				version = 4.0.1;
			};
		};
		FCADB35724389DB6006B5967 /* XCRemoteSwiftPackageReference "apollo-ios" */ = {
			isa = XCRemoteSwiftPackageReference;
			repositoryURL = "https://github.com/apollographql/apollo-ios";
			requirement = {
				kind = exactVersion;
				version = 0.24.0;
			};
		};
		FCEEA9B7243B8F1100EB07C4 /* XCRemoteSwiftPackageReference "RxNuke" */ = {
			isa = XCRemoteSwiftPackageReference;
			repositoryURL = "https://github.com/kean/RxNuke";
			requirement = {
				kind = exactVersion;
				version = 0.11.0;
			};
		};
/* End XCRemoteSwiftPackageReference section */

/* Begin XCSwiftPackageProductDependency section */
		FC1C2CFC2439FA3300D100AA /* RxRelay */ = {
			isa = XCSwiftPackageProductDependency;
			package = FC1C2CFB2439FA3300D100AA /* XCRemoteSwiftPackageReference "RxSwift" */;
			productName = RxRelay;
		};
		FC1C2CFE2439FA3300D100AA /* RxSwift */ = {
			isa = XCSwiftPackageProductDependency;
			package = FC1C2CFB2439FA3300D100AA /* XCRemoteSwiftPackageReference "RxSwift" */;
			productName = RxSwift;
		};
		FC1C2D002439FA3300D100AA /* RxCocoa */ = {
			isa = XCSwiftPackageProductDependency;
			package = FC1C2CFB2439FA3300D100AA /* XCRemoteSwiftPackageReference "RxSwift" */;
			productName = RxCocoa;
		};
		FC1C2D062439FC9F00D100AA /* RxApolloClient */ = {
			isa = XCSwiftPackageProductDependency;
			package = FC1C2D052439FC9F00D100AA /* XCRemoteSwiftPackageReference "RxApolloClient" */;
			productName = RxApolloClient;
		};
		FC1C2D0D243A2FD300D100AA /* RxViewController */ = {
			isa = XCSwiftPackageProductDependency;
			package = FC1C2D0C243A2FD300D100AA /* XCRemoteSwiftPackageReference "RxViewController" */;
			productName = RxViewController;
		};
		FC2F29DF243A3DA4002978BF /* Unio */ = {
			isa = XCSwiftPackageProductDependency;
			package = FC2F29DE243A3DA4002978BF /* XCRemoteSwiftPackageReference "Unio" */;
			productName = Unio;
		};
		FC42B72A243B330C004D21C7 /* Action */ = {
			isa = XCSwiftPackageProductDependency;
			package = FC42B729243B330C004D21C7 /* XCRemoteSwiftPackageReference "Action" */;
			productName = Action;
		};
		FCADB35824389DB6006B5967 /* Apollo */ = {
			isa = XCSwiftPackageProductDependency;
			package = FCADB35724389DB6006B5967 /* XCRemoteSwiftPackageReference "apollo-ios" */;
			productName = Apollo;
		};
		FCEEA9B8243B8F1100EB07C4 /* RxNuke */ = {
			isa = XCSwiftPackageProductDependency;
			package = FCEEA9B7243B8F1100EB07C4 /* XCRemoteSwiftPackageReference "RxNuke" */;
			productName = RxNuke;
		};
/* End XCSwiftPackageProductDependency section */
	};
	rootObject = FC6815DA2438888000C9096B /* Project object */;
}
